// !$*UTF8*$!
{
	archiveVersion = 1;
	classes = {
	};
	objectVersion = 46;
	objects = {

/* Begin PBXBuildFile section */
		018B0FCE1CD725FC0085BCC4 /* AppDelegate.swift in Sources */ = {isa = PBXBuildFile; fileRef = 018B0FCD1CD725FC0085BCC4 /* AppDelegate.swift */; };
		018B0FD01CD725FC0085BCC4 /* ViewController.swift in Sources */ = {isa = PBXBuildFile; fileRef = 018B0FCF1CD725FC0085BCC4 /* ViewController.swift */; };
		018B0FD31CD725FC0085BCC4 /* Main.storyboard in Resources */ = {isa = PBXBuildFile; fileRef = 018B0FD11CD725FC0085BCC4 /* Main.storyboard */; };
		018B0FD51CD725FC0085BCC4 /* Assets.xcassets in Resources */ = {isa = PBXBuildFile; fileRef = 018B0FD41CD725FC0085BCC4 /* Assets.xcassets */; };
		018B0FD81CD725FC0085BCC4 /* LaunchScreen.storyboard in Resources */ = {isa = PBXBuildFile; fileRef = 018B0FD61CD725FC0085BCC4 /* LaunchScreen.storyboard */; };
		018B0FE31CD725FC0085BCC4 /* sampleWebViewTests.swift in Sources */ = {isa = PBXBuildFile; fileRef = 018B0FE21CD725FC0085BCC4 /* sampleWebViewTests.swift */; };
		018B0FEE1CD725FC0085BCC4 /* sampleWebViewUITests.swift in Sources */ = {isa = PBXBuildFile; fileRef = 018B0FED1CD725FC0085BCC4 /* sampleWebViewUITests.swift */; };
/* End PBXBuildFile section */

/* Begin PBXContainerItemProxy section */
		018B0FDF1CD725FC0085BCC4 /* PBXContainerItemProxy */ = {
			isa = PBXContainerItemProxy;
			containerPortal = 018B0FC21CD725FB0085BCC4 /* Project object */;
			proxyType = 1;
			remoteGlobalIDString = 018B0FC91CD725FC0085BCC4;
			remoteInfo = sampleWebView;
		};
		018B0FEA1CD725FC0085BCC4 /* PBXContainerItemProxy */ = {
			isa = PBXContainerItemProxy;
			containerPortal = 018B0FC21CD725FB0085BCC4 /* Project object */;
			proxyType = 1;
			remoteGlobalIDString = 018B0FC91CD725FC0085BCC4;
			remoteInfo = sampleWebView;
		};
/* End PBXContainerItemProxy section */

/* Begin PBXFileReference section */
		018B0FCA1CD725FC0085BCC4 /* sampleWebView.app */ = {isa = PBXFileReference; explicitFileType = wrapper.application; includeInIndex = 0; path = sampleWebView.app; sourceTree = BUILT_PRODUCTS_DIR; };
		018B0FCD1CD725FC0085BCC4 /* AppDelegate.swift */ = {isa = PBXFileReference; lastKnownFileType = sourcecode.swift; path = AppDelegate.swift; sourceTree = "<group>"; };
		018B0FCF1CD725FC0085BCC4 /* ViewController.swift */ = {isa = PBXFileReference; lastKnownFileType = sourcecode.swift; path = ViewController.swift; sourceTree = "<group>"; };
		018B0FD21CD725FC0085BCC4 /* Base */ = {isa = PBXFileReference; lastKnownFileType = file.storyboard; name = Base; path = Base.lproj/Main.storyboard; sourceTree = "<group>"; };
		018B0FD41CD725FC0085BCC4 /* Assets.xcassets */ = {isa = PBXFileReference; lastKnownFileType = folder.assetcatalog; path = Assets.xcassets; sourceTree = "<group>"; };
		018B0FD71CD725FC0085BCC4 /* Base */ = {isa = PBXFileReference; lastKnownFileType = file.storyboard; name = Base; path = Base.lproj/LaunchScreen.storyboard; sourceTree = "<group>"; };
		018B0FD91CD725FC0085BCC4 /* Info.plist */ = {isa = PBXFileReference; lastKnownFileType = text.plist.xml; path = Info.plist; sourceTree = "<group>"; };
		018B0FDE1CD725FC0085BCC4 /* sampleWebViewTests.xctest */ = {isa = PBXFileReference; explicitFileType = wrapper.cfbundle; includeInIndex = 0; path = sampleWebViewTests.xctest; sourceTree = BUILT_PRODUCTS_DIR; };
		018B0FE21CD725FC0085BCC4 /* sampleWebViewTests.swift */ = {isa = PBXFileReference; lastKnownFileType = sourcecode.swift; path = sampleWebViewTests.swift; sourceTree = "<group>"; };
		018B0FE41CD725FC0085BCC4 /* Info.plist */ = {isa = PBXFileReference; lastKnownFileType = text.plist.xml; path = Info.plist; sourceTree = "<group>"; };
		018B0FE91CD725FC0085BCC4 /* sampleWebViewUITests.xctest */ = {isa = PBXFileReference; explicitFileType = wrapper.cfbundle; includeInIndex = 0; path = sampleWebViewUITests.xctest; sourceTree = BUILT_PRODUCTS_DIR; };
		018B0FED1CD725FC0085BCC4 /* sampleWebViewUITests.swift */ = {isa = PBXFileReference; lastKnownFileType = sourcecode.swift; path = sampleWebViewUITests.swift; sourceTree = "<group>"; };
		018B0FEF1CD725FC0085BCC4 /* Info.plist */ = {isa = PBXFileReference; lastKnownFileType = text.plist.xml; path = Info.plist; sourceTree = "<group>"; };
/* End PBXFileReference section */

/* Begin PBXFrameworksBuildPhase section */
		018B0FC71CD725FC0085BCC4 /* Frameworks */ = {
			isa = PBXFrameworksBuildPhase;
			buildActionMask = 2147483647;
			files = (
			);
			runOnlyForDeploymentPostprocessing = 0;
		};
		018B0FDB1CD725FC0085BCC4 /* Frameworks */ = {
			isa = PBXFrameworksBuildPhase;
			buildActionMask = 2147483647;
			files = (
			);
			runOnlyForDeploymentPostprocessing = 0;
		};
		018B0FE61CD725FC0085BCC4 /* Frameworks */ = {
			isa = PBXFrameworksBuildPhase;
			buildActionMask = 2147483647;
			files = (
			);
			runOnlyForDeploymentPostprocessing = 0;
		};
/* End PBXFrameworksBuildPhase section */

/* Begin PBXGroup section */
		018B0FC11CD725FB0085BCC4 = {
			isa = PBXGroup;
			children = (
				018B0FCC1CD725FC0085BCC4 /* sampleWebView */,
				018B0FE11CD725FC0085BCC4 /* sampleWebViewTests */,
				018B0FEC1CD725FC0085BCC4 /* sampleWebViewUITests */,
				018B0FCB1CD725FC0085BCC4 /* Products */,
			);
			sourceTree = "<group>";
		};
		018B0FCB1CD725FC0085BCC4 /* Products */ = {
			isa = PBXGroup;
			children = (
				018B0FCA1CD725FC0085BCC4 /* sampleWebView.app */,
				018B0FDE1CD725FC0085BCC4 /* sampleWebViewTests.xctest */,
				018B0FE91CD725FC0085BCC4 /* sampleWebViewUITests.xctest */,
			);
			name = Products;
			sourceTree = "<group>";
		};
		018B0FCC1CD725FC0085BCC4 /* sampleWebView */ = {
			isa = PBXGroup;
			children = (
				018B0FCD1CD725FC0085BCC4 /* AppDelegate.swift */,
				018B0FCF1CD725FC0085BCC4 /* ViewController.swift */,
				018B0FD11CD725FC0085BCC4 /* Main.storyboard */,
				018B0FD41CD725FC0085BCC4 /* Assets.xcassets */,
				018B0FD61CD725FC0085BCC4 /* LaunchScreen.storyboard */,
				018B0FD91CD725FC0085BCC4 /* Info.plist */,
			);
			path = sampleWebView;
			sourceTree = "<group>";
		};
		018B0FE11CD725FC0085BCC4 /* sampleWebViewTests */ = {
			isa = PBXGroup;
			children = (
				018B0FE21CD725FC0085BCC4 /* sampleWebViewTests.swift */,
				018B0FE41CD725FC0085BCC4 /* Info.plist */,
			);
			path = sampleWebViewTests;
			sourceTree = "<group>";
		};
		018B0FEC1CD725FC0085BCC4 /* sampleWebViewUITests */ = {
			isa = PBXGroup;
			children = (
				018B0FED1CD725FC0085BCC4 /* sampleWebViewUITests.swift */,
				018B0FEF1CD725FC0085BCC4 /* Info.plist */,
			);
			path = sampleWebViewUITests;
			sourceTree = "<group>";
		};
/* End PBXGroup section */

/* Begin PBXNativeTarget section */
		018B0FC91CD725FC0085BCC4 /* sampleWebView */ = {
			isa = PBXNativeTarget;
			buildConfigurationList = 018B0FF21CD725FC0085BCC4 /* Build configuration list for PBXNativeTarget "sampleWebView" */;
			buildPhases = (
				018B0FC61CD725FC0085BCC4 /* Sources */,
				018B0FC71CD725FC0085BCC4 /* Frameworks */,
				018B0FC81CD725FC0085BCC4 /* Resources */,
			);
			buildRules = (
			);
			dependencies = (
			);
			name = sampleWebView;
			productName = sampleWebView;
			productReference = 018B0FCA1CD725FC0085BCC4 /* sampleWebView.app */;
			productType = "com.apple.product-type.application";
		};
		018B0FDD1CD725FC0085BCC4 /* sampleWebViewTests */ = {
			isa = PBXNativeTarget;
			buildConfigurationList = 018B0FF51CD725FC0085BCC4 /* Build configuration list for PBXNativeTarget "sampleWebViewTests" */;
			buildPhases = (
				018B0FDA1CD725FC0085BCC4 /* Sources */,
				018B0FDB1CD725FC0085BCC4 /* Frameworks */,
				018B0FDC1CD725FC0085BCC4 /* Resources */,
			);
			buildRules = (
			);
			dependencies = (
				018B0FE01CD725FC0085BCC4 /* PBXTargetDependency */,
			);
			name = sampleWebViewTests;
			productName = sampleWebViewTests;
			productReference = 018B0FDE1CD725FC0085BCC4 /* sampleWebViewTests.xctest */;
			productType = "com.apple.product-type.bundle.unit-test";
		};
		018B0FE81CD725FC0085BCC4 /* sampleWebViewUITests */ = {
			isa = PBXNativeTarget;
			buildConfigurationList = 018B0FF81CD725FC0085BCC4 /* Build configuration list for PBXNativeTarget "sampleWebViewUITests" */;
			buildPhases = (
				018B0FE51CD725FC0085BCC4 /* Sources */,
				018B0FE61CD725FC0085BCC4 /* Frameworks */,
				018B0FE71CD725FC0085BCC4 /* Resources */,
			);
			buildRules = (
			);
			dependencies = (
				018B0FEB1CD725FC0085BCC4 /* PBXTargetDependency */,
			);
			name = sampleWebViewUITests;
			productName = sampleWebViewUITests;
			productReference = 018B0FE91CD725FC0085BCC4 /* sampleWebViewUITests.xctest */;
			productType = "com.apple.product-type.bundle.ui-testing";
		};
/* End PBXNativeTarget section */

/* Begin PBXProject section */
		018B0FC21CD725FB0085BCC4 /* Project object */ = {
			isa = PBXProject;
			attributes = {
				LastSwiftUpdateCheck = 0730;
				LastUpgradeCheck = 0730;
				ORGANIZATIONNAME = "AI Matsubara";
				TargetAttributes = {
					018B0FC91CD725FC0085BCC4 = {
						CreatedOnToolsVersion = 7.3;
					};
					018B0FDD1CD725FC0085BCC4 = {
						CreatedOnToolsVersion = 7.3;
						TestTargetID = 018B0FC91CD725FC0085BCC4;
					};
					018B0FE81CD725FC0085BCC4 = {
						CreatedOnToolsVersion = 7.3;
						TestTargetID = 018B0FC91CD725FC0085BCC4;
					};
				};
			};
			buildConfigurationList = 018B0FC51CD725FB0085BCC4 /* Build configuration list for PBXProject "sampleWebView" */;
			compatibilityVersion = "Xcode 3.2";
			developmentRegion = English;
			hasScannedForEncodings = 0;
			knownRegions = (
				en,
				Base,
			);
			mainGroup = 018B0FC11CD725FB0085BCC4;
			productRefGroup = 018B0FCB1CD725FC0085BCC4 /* Products */;
			projectDirPath = "";
			projectRoot = "";
			targets = (
				018B0FC91CD725FC0085BCC4 /* sampleWebView */,
				018B0FDD1CD725FC0085BCC4 /* sampleWebViewTests */,
				018B0FE81CD725FC0085BCC4 /* sampleWebViewUITests */,
			);
		};
/* End PBXProject section */

/* Begin PBXResourcesBuildPhase section */
		018B0FC81CD725FC0085BCC4 /* Resources */ = {
			isa = PBXResourcesBuildPhase;
			buildActionMask = 2147483647;
			files = (
				018B0FD81CD725FC0085BCC4 /* LaunchScreen.storyboard in Resources */,
				018B0FD51CD725FC0085BCC4 /* Assets.xcassets in Resources */,
				018B0FD31CD725FC0085BCC4 /* Main.storyboard in Resources */,
			);
			runOnlyForDeploymentPostprocessing = 0;
		};
		018B0FDC1CD725FC0085BCC4 /* Resources */ = {
			isa = PBXResourcesBuildPhase;
			buildActionMask = 2147483647;
			files = (
			);
			runOnlyForDeploymentPostprocessing = 0;
		};
		018B0FE71CD725FC0085BCC4 /* Resources */ = {
			isa = PBXResourcesBuildPhase;
			buildActionMask = 2147483647;
			files = (
			);
			runOnlyForDeploymentPostprocessing = 0;
		};
/* End PBXResourcesBuildPhase section */

/* Begin PBXSourcesBuildPhase section */
		018B0FC61CD725FC0085BCC4 /* Sources */ = {
			isa = PBXSourcesBuildPhase;
			buildActionMask = 2147483647;
			files = (
				018B0FD01CD725FC0085BCC4 /* ViewController.swift in Sources */,
				018B0FCE1CD725FC0085BCC4 /* AppDelegate.swift in Sources */,
			);
			runOnlyForDeploymentPostprocessing = 0;
		};
		018B0FDA1CD725FC0085BCC4 /* Sources */ = {
			isa = PBXSourcesBuildPhase;
			buildActionMask = 2147483647;
			files = (
				018B0FE31CD725FC0085BCC4 /* sampleWebViewTests.swift in Sources */,
			);
			runOnlyForDeploymentPostprocessing = 0;
		};
		018B0FE51CD725FC0085BCC4 /* Sources */ = {
			isa = PBXSourcesBuildPhase;
			buildActionMask = 2147483647;
			files = (
				018B0FEE1CD725FC0085BCC4 /* sampleWebViewUITests.swift in Sources */,
			);
			runOnlyForDeploymentPostprocessing = 0;
		};
/* End PBXSourcesBuildPhase section */

/* Begin PBXTargetDependency section */
		018B0FE01CD725FC0085BCC4 /* PBXTargetDependency */ = {
			isa = PBXTargetDependency;
			target = 018B0FC91CD725FC0085BCC4 /* sampleWebView */;
			targetProxy = 018B0FDF1CD725FC0085BCC4 /* PBXContainerItemProxy */;
		};
		018B0FEB1CD725FC0085BCC4 /* PBXTargetDependency */ = {
			isa = PBXTargetDependency;
			target = 018B0FC91CD725FC0085BCC4 /* sampleWebView */;
			targetProxy = 018B0FEA1CD725FC0085BCC4 /* PBXContainerItemProxy */;
		};
/* End PBXTargetDependency section */

/* Begin PBXVariantGroup section */
		018B0FD11CD725FC0085BCC4 /* Main.storyboard */ = {
			isa = PBXVariantGroup;
			children = (
				018B0FD21CD725FC0085BCC4 /* Base */,
			);
			name = Main.storyboard;
			sourceTree = "<group>";
		};
		018B0FD61CD725FC0085BCC4 /* LaunchScreen.storyboard */ = {
			isa = PBXVariantGroup;
			children = (
				018B0FD71CD725FC0085BCC4 /* Base */,
			);
			name = LaunchScreen.storyboard;
			sourceTree = "<group>";
		};
/* End PBXVariantGroup section */

/* Begin XCBuildConfiguration section */
		018B0FF01CD725FC0085BCC4 /* Debug */ = {
			isa = XCBuildConfiguration;
			buildSettings = {
				ALWAYS_SEARCH_USER_PATHS = NO;
				CLANG_ANALYZER_NONNULL = YES;
				CLANG_CXX_LANGUAGE_STANDARD = "gnu++0x";
				CLANG_CXX_LIBRARY = "libc++";
				CLANG_ENABLE_MODULES = YES;
				CLANG_ENABLE_OBJC_ARC = YES;
				CLANG_WARN_BOOL_CONVERSION = YES;
				CLANG_WARN_CONSTANT_CONVERSION = YES;
				CLANG_WARN_DIRECT_OBJC_ISA_USAGE = YES_ERROR;
				CLANG_WARN_EMPTY_BODY = YES;
				CLANG_WARN_ENUM_CONVERSION = YES;
				CLANG_WARN_INT_CONVERSION = YES;
				CLANG_WARN_OBJC_ROOT_CLASS = YES_ERROR;
				CLANG_WARN_UNREACHABLE_CODE = YES;
				CLANG_WARN__DUPLICATE_METHOD_MATCH = YES;
				"CODE_SIGN_IDENTITY[sdk=iphoneos*]" = "iPhone Developer";
				COPY_PHASE_STRIP = NO;
				DEBUG_INFORMATION_FORMAT = dwarf;
				ENABLE_STRICT_OBJC_MSGSEND = YES;
				ENABLE_TESTABILITY = YES;
				GCC_C_LANGUAGE_STANDARD = gnu99;
				GCC_DYNAMIC_NO_PIC = NO;
				GCC_NO_COMMON_BLOCKS = YES;
				GCC_OPTIMIZATION_LEVEL = 0;
				GCC_PREPROCESSOR_DEFINITIONS = (
					"DEBUG=1",
					"$(inherited)",
				);
				GCC_WARN_64_TO_32_BIT_CONVERSION = YES;
				GCC_WARN_ABOUT_RETURN_TYPE = YES_ERROR;
				GCC_WARN_UNDECLARED_SELECTOR = YES;
				GCC_WARN_UNINITIALIZED_AUTOS = YES_AGGRESSIVE;
				GCC_WARN_UNUSED_FUNCTION = YES;
				GCC_WARN_UNUSED_VARIABLE = YES;
				IPHONEOS_DEPLOYMENT_TARGET = 9.3;
				MTL_ENABLE_DEBUG_INFO = YES;
				ONLY_ACTIVE_ARCH = YES;
				SDKROOT = iphoneos;
				SWIFT_OPTIMIZATION_LEVEL = "-Onone";
			};
			name = Debug;
		};
		018B0FF11CD725FC0085BCC4 /* Release */ = {
			isa = XCBuildConfiguration;
			buildSettings = {
				ALWAYS_SEARCH_USER_PATHS = NO;
				CLANG_ANALYZER_NONNULL = YES;
				CLANG_CXX_LANGUAGE_STANDARD = "gnu++0x";
				CLANG_CXX_LIBRARY = "libc++";
				CLANG_ENABLE_MODULES = YES;
				CLANG_ENABLE_OBJC_ARC = YES;
				CLANG_WARN_BOOL_CONVERSION = YES;
				CLANG_WARN_CONSTANT_CONVERSION = YES;
				CLANG_WARN_DIRECT_OBJC_ISA_USAGE = YES_ERROR;
				CLANG_WARN_EMPTY_BODY = YES;
				CLANG_WARN_ENUM_CONVERSION = YES;
				CLANG_WARN_INT_CONVERSION = YES;
				CLANG_WARN_OBJC_ROOT_CLASS = YES_ERROR;
				CLANG_WARN_UNREACHABLE_CODE = YES;
				CLANG_WARN__DUPLICATE_METHOD_MATCH = YES;
				"CODE_SIGN_IDENTITY[sdk=iphoneos*]" = "iPhone Developer";
				COPY_PHASE_STRIP = NO;
				DEBUG_INFORMATION_FORMAT = "dwarf-with-dsym";
				ENABLE_NS_ASSERTIONS = NO;
				ENABLE_STRICT_OBJC_MSGSEND = YES;
				GCC_C_LANGUAGE_STANDARD = gnu99;
				GCC_NO_COMMON_BLOCKS = YES;
				GCC_WARN_64_TO_32_BIT_CONVERSION = YES;
				GCC_WARN_ABOUT_RETURN_TYPE = YES_ERROR;
				GCC_WARN_UNDECLARED_SELECTOR = YES;
				GCC_WARN_UNINITIALIZED_AUTOS = YES_AGGRESSIVE;
				GCC_WARN_UNUSED_FUNCTION = YES;
				GCC_WARN_UNUSED_VARIABLE = YES;
				IPHONEOS_DEPLOYMENT_TARGET = 9.3;
				MTL_ENABLE_DEBUG_INFO = NO;
				SDKROOT = iphoneos;
				VALIDATE_PRODUCT = YES;
			};
			name = Release;
		};
		018B0FF31CD725FC0085BCC4 /* Debug */ = {
			isa = XCBuildConfiguration;
			buildSettings = {
				ASSETCATALOG_COMPILER_APPICON_NAME = AppIcon;
				INFOPLIST_FILE = sampleWebView/Info.plist;
				LD_RUNPATH_SEARCH_PATHS = "$(inherited) @executable_path/Frameworks";
				PRODUCT_BUNDLE_IDENTIFIER = com.aiai.sampleWebView;
				PRODUCT_NAME = "$(TARGET_NAME)";
			};
			name = Debug;
		};
		018B0FF41CD725FC0085BCC4 /* Release */ = {
			isa = XCBuildConfiguration;
			buildSettings = {
				ASSETCATALOG_COMPILER_APPICON_NAME = AppIcon;
				INFOPLIST_FILE = sampleWebView/Info.plist;
				LD_RUNPATH_SEARCH_PATHS = "$(inherited) @executable_path/Frameworks";
				PRODUCT_BUNDLE_IDENTIFIER = com.aiai.sampleWebView;
				PRODUCT_NAME = "$(TARGET_NAME)";
			};
			name = Release;
		};
		018B0FF61CD725FC0085BCC4 /* Debug */ = {
			isa = XCBuildConfiguration;
			buildSettings = {
				BUNDLE_LOADER = "$(TEST_HOST)";
				INFOPLIST_FILE = sampleWebViewTests/Info.plist;
				LD_RUNPATH_SEARCH_PATHS = "$(inherited) @executable_path/Frameworks @loader_path/Frameworks";
				PRODUCT_BUNDLE_IDENTIFIER = com.aiai.sampleWebViewTests;
				PRODUCT_NAME = "$(TARGET_NAME)";
				TEST_HOST = "$(BUILT_PRODUCTS_DIR)/sampleWebView.app/sampleWebView";
			};
			name = Debug;
		};
		018B0FF71CD725FC0085BCC4 /* Release */ = {
			isa = XCBuildConfiguration;
			buildSettings = {
				BUNDLE_LOADER = "$(TEST_HOST)";
				INFOPLIST_FILE = sampleWebViewTests/Info.plist;
				LD_RUNPATH_SEARCH_PATHS = "$(inherited) @executable_path/Frameworks @loader_path/Frameworks";
				PRODUCT_BUNDLE_IDENTIFIER = com.aiai.sampleWebViewTests;
				PRODUCT_NAME = "$(TARGET_NAME)";
				TEST_HOST = "$(BUILT_PRODUCTS_DIR)/sampleWebView.app/sampleWebView";
			};
			name = Release;
		};
		018B0FF91CD725FC0085BCC4 /* Debug */ = {
			isa = XCBuildConfiguration;
			buildSettings = {
				INFOPLIST_FILE = sampleWebViewUITests/Info.plist;
				LD_RUNPATH_SEARCH_PATHS = "$(inherited) @executable_path/Frameworks @loader_path/Frameworks";
				PRODUCT_BUNDLE_IDENTIFIER = com.aiai.sampleWebViewUITests;
				PRODUCT_NAME = "$(TARGET_NAME)";
				TEST_TARGET_NAME = sampleWebView;
			};
			name = Debug;
		};
		018B0FFA1CD725FC0085BCC4 /* Release */ = {
			isa = XCBuildConfiguration;
			buildSettings = {
				INFOPLIST_FILE = sampleWebViewUITests/Info.plist;
				LD_RUNPATH_SEARCH_PATHS = "$(inherited) @executable_path/Frameworks @loader_path/Frameworks";
				PRODUCT_BUNDLE_IDENTIFIER = com.aiai.sampleWebViewUITests;
				PRODUCT_NAME = "$(TARGET_NAME)";
				TEST_TARGET_NAME = sampleWebView;
			};
			name = Release;
		};
/* End XCBuildConfiguration section */

/* Begin XCConfigurationList section */
		018B0FC51CD725FB0085BCC4 /* Build configuration list for PBXProject "sampleWebView" */ = {
			isa = XCConfigurationList;
			buildConfigurations = (
				018B0FF01CD725FC0085BCC4 /* Debug */,
				018B0FF11CD725FC0085BCC4 /* Release */,
			);
			defaultConfigurationIsVisible = 0;
			defaultConfigurationName = Release;
		};
		018B0FF21CD725FC0085BCC4 /* Build configuration list for PBXNativeTarget "sampleWebView" */ = {
			isa = XCConfigurationList;
			buildConfigurations = (
				018B0FF31CD725FC0085BCC4 /* Debug */,
				018B0FF41CD725FC0085BCC4 /* Release */,
			);
			defaultConfigurationIsVisible = 0;
		};
		018B0FF51CD725FC0085BCC4 /* Build configuration list for PBXNativeTarget "sampleWebViewTests" */ = {
			isa = XCConfigurationList;
			buildConfigurations = (
				018B0FF61CD725FC0085BCC4 /* Debug */,
				018B0FF71CD725FC0085BCC4 /* Release */,
			);
			defaultConfigurationIsVisible = 0;
		};
		018B0FF81CD725FC0085BCC4 /* Build configuration list for PBXNativeTarget "sampleWebViewUITests" */ = {
			isa = XCConfigurationList;
			buildConfigurations = (
				018B0FF91CD725FC0085BCC4 /* Debug */,
				018B0FFA1CD725FC0085BCC4 /* Release */,
			);
			defaultConfigurationIsVisible = 0;
		};
/* End XCConfigurationList section */
	};
	rootObject = 018B0FC21CD725FB0085BCC4 /* Project object */;
}
